github.com/bots-go-framework/bots-fw-store v0.12.0 h1:oz2tCpsiTZ2WdeQhkG3H4vq44N24kxBUzXg1ie2nrRU=
github.com/bots-go-framework/bots-fw-store v0.12.0/go.mod h1:0yS6Pg516jHIrIInv+kvWRWxXNGGqR4tlvRua8GfT20=
github.com/bots-go-framework/bots-go-core v0.2.5 h1:Uv9zb23yHJY/GnfEF6ocucAmfS12pwFHiig29ZoSqME=
github.com/bots-go-framework/bots-go-core v0.2.5/go.mod h1:O/J3Q4HhTpbsbCL87Zhlf1BPtvfVp9UcfBWsc8D8ghw=
github.com/davecgh/go-spew v1.1.1 h1:vj9j/u1bqnvCEfJOwUhtlOARqs3+rkHYY13jYWTU97c=
github.com/davecgh/go-spew v1.1.1/go.mod h1:J7Y8YcW2NihsgmVo/mv3lAwl/skON4iLHjSsI+c5H38=
github.com/felixge/httpsnoop v1.1.0 h1:3YtUj32ZZkqZtt3sZZsClsymw/QDuVfpNhoA31zeORc=
github.com/felixge/httpsnoop v1.1.0/go.mod h1:Zqxgdd+1Rkcz8euOqdr7lqgCRJztwr5hp9vDSi5UZCE=
github.com/pmezard/go-difflib v1.0.0 h1:4DBwDE0NGyQoBHbLQYPwSUPoCMWR5BEzIk/f1lZbAQM=
github.com/pmezard/go-difflib v1.0.0/go.mod h1:iKH77koFhYxTK1pcRnkKkqfTogsbg7gZNVY4sRDYZ/4=
github.com/stretchr/testify v1.11.1 h1:7s2iGBzp5EwR7/aIZr8ao5+dra3wiQyKjjFuvgVKu7U=
github.com/stretchr/testify v1.11.1/go.mod h1:wZwfW3scLgRK+23gO65QZefKpKQRnfz6sD981Nm4B6U=
github.com/strongo/analytics v0.2.5 h1:wNobPTa5C9hQUembtVYEXHIGGBWO29H0iUhTicR9CEo=
github.com/strongo/analytics v0.2.5/go.mod h1:UcOgf57sMznb4zRxLA827+lC+HX6WWBU30YIQmbNwu0=
github.com/strongo/i18n v0.8.15 h1:wyIERaWLO8dySu8cqWMMVz9GpK819LOoUZLfLl6Er70=
github.com/strongo/i18n v0.8.15/go.mod h1:qHRBffF+LH5RgJKoCmXtz3dZ5AmVeKAVo+hzwL8nxTQ=
github.com/strongo/logus v0.4.1 h1:jEkcT5JzawDYjexRVHkCQiG4tv6Bm2a/c/ZdLk0IPqM=
github.com/strongo/logus v0.4.1/go.mod h1:sd8gjJklqGQAg+Q0mlP5MWgzguAuxR25YYFSkfVOPdc=
github.com/strongo/slice v0.3.5 h1:8qbn5ll6DBf0eIZ2KtQm1xbmKOr5+FgXZIShz3Qg5to=
github.com/strongo/slice v0.3.5/go.mod h1:Tymvuhp8oV6T4vswWR4F/JmGFxOcMWFTM5qp0WlV0sk=
github.com/strongo/validation v0.0.10 h1:DDydmPl6O8YmRmSEtz7VimX6k0Q3Vs1CsUEWqtZg9oc=
github.com/strongo/validation v0.0.10/go.mod h1:YUwoPEItLJd/Bc9X1OCUm03ofhvm3kwZvuihU7/jz58=
go.uber.org/mock v0.6.0 h1:hyF9dfmbgIX5EfOdasqLsWD6xqpNZlXblLB/Dbnwv3Y=
go.uber.org/mock v0.6.0/go.mod h1:KiVJ4BqZJaMj4svdfmHM0AUx4NJYO8ZNpPnZn1Z+BBU=
gopkg.in/check.v1 v0.0.0-20161208181325-20d25e280405 h1:yhCVgyC4o1eVCa2tZl7eS0r+SDo693bJlVdllGtEeKM=
gopkg.in/check.v1 v0.0.0-20161208181325-20d25e280405/go.mod h1:Co6ibVJAznAaIkqp8huTwlJQCZ016jof/cbN4VW5Yz0=
gopkg.in/yaml.v3 v3.0.1 h1:fxVm/GzAzEWqLHuvctI91KS9hhNmmWOoWu0XTYJS7CA=
gopkg.in/yaml.v3 v3.0.1/go.mod h1:K4uyk7z7BCEPqu6E+C64Yfv1cQ7kz7rIZviUmN+EgEM=
