github.com/bots-go-framework/bots-fw-store v0.10.0 h1:e6bD274mjrHVp+X05/7uqqT3s5xZOqV9divKTaM2W+w=
github.com/bots-go-framework/bots-fw-store v0.10.0/go.mod h1:7oU4B8j5HuJZM8AftosbyQD+AqckXsDv8eU1auGPzn8=
github.com/bots-go-framework/bots-go-core v0.0.3 h1:z3A7DLUgxbHWxvTCGnkHP9WHpTT9xxROEypoqAfvYIQ=
github.com/bots-go-framework/bots-go-core v0.0.3/go.mod h1:XCn9z4TI8sbgwyus+VDzw7iMY2QCPWEAvl23GMDjeEU=
github.com/dal-go/dalgo v0.21.0 h1:dtUi3x4LgZkg94vegDYSoBwxbsguyYoBFAS1rLaCSpA=
github.com/dal-go/dalgo v0.21.0/go.mod h1:BoMNGwDE9FdjynV7xCn5f/GdVJxvfePwjsMldn+BhqA=
github.com/davecgh/go-spew v1.1.1 h1:vj9j/u1bqnvCEfJOwUhtlOARqs3+rkHYY13jYWTU97c=
github.com/davecgh/go-spew v1.1.1/go.mod h1:J7Y8YcW2NihsgmVo/mv3lAwl/skON4iLHjSsI+c5H38=
github.com/pmezard/go-difflib v1.0.0 h1:4DBwDE0NGyQoBHbLQYPwSUPoCMWR5BEzIk/f1lZbAQM=
github.com/pmezard/go-difflib v1.0.0/go.mod h1:iKH77koFhYxTK1pcRnkKkqfTogsbg7gZNVY4sRDYZ/4=
github.com/pquerna/ffjson v0.0.0-20190930134022-aa0246cd15f7 h1:xoIK0ctDddBMnc74udxJYBqlo9Ylnsp1waqjLsnef20=
github.com/pquerna/ffjson v0.0.0-20190930134022-aa0246cd15f7/go.mod h1:YARuvh7BUWHNhzDq2OM5tzR2RiCcN2D7sapiKyCel/M=
github.com/stretchr/testify v1.10.0 h1:Xv5erBjTwe/5IxqUQTdXv5kgmIvbHo3QQyRwhJsOfJA=
github.com/stretchr/testify v1.10.0/go.mod h1:r2ic/lqez/lEtzL7wO/rwa5dbSLXVDPFyf8C91i36aY=
github.com/strongo/analytics v0.0.9 h1:7tHxih16cMqdgQlkAc7jM0XVP1gE2I9H898yP6LN/nk=
github.com/strongo/analytics v0.0.9/go.mod h1:1OdiZI9/fPDN8ep1Pbz+F3UZPNbttUD7T1St15r760c=
github.com/strongo/analytics v0.0.11 h1:rgORqeYRf1kXkJOBX+7UO5Op2ulcc5jkp7fbUC5+ANM=
github.com/strongo/analytics v0.0.11/go.mod h1:1OdiZI9/fPDN8ep1Pbz+F3UZPNbttUD7T1St15r760c=
github.com/strongo/i18n v0.6.1 h1:hNtpU97R5xYavf6n2wfRFWGZHjRZ2lHmube0t2+FHFE=
github.com/strongo/i18n v0.6.1/go.mod h1:4jBQ4PJ3Uiri2Y+LHJ5/o1nB1H2ToddRW/yZXSOTUjE=
github.com/strongo/i18n v0.7.0 h1:AaauCVm1GUF8j0WvMhEKQ/NeAKEQKOzFhC2lCKamcd0=
github.com/strongo/i18n v0.7.0/go.mod h1:4jBQ4PJ3Uiri2Y+LHJ5/o1nB1H2ToddRW/yZXSOTUjE=
github.com/strongo/logus v0.2.1 h1:ZzAtdSg6PPF1Y43WbNWl7MH1XYl7kvKMxyxv/lpbadI=
github.com/strongo/logus v0.2.1/go.mod h1:sd8gjJklqGQAg+Q0mlP5MWgzguAuxR25YYFSkfVOPdc=
github.com/strongo/random v0.0.1 h1:OZHJBb/3uEa7OX8L2Dv2pLnSeewRmXMyTACoeto6O8I=
github.com/strongo/random v0.0.1/go.mod h1:/pSI+SjBNLBkjljNtVdYr6ERddA+LqSa87o0/s+9iuU=
github.com/strongo/slice v0.3.1 h1:VWkyYBgcVJn6Hs7wYhL9Vxwgb7V3zQAUFTBV9wo5lc4=
github.com/strongo/slice v0.3.1/go.mod h1:B5ODKCkl0rp2oiG0UBqkN1cCOrSCU2cUuhqCM1sC8r4=
github.com/strongo/validation v0.0.7 h1:gs6YkwPsYtVsepQaQOB+ZF+T0Gu5+nk4ZMND8F85e+U=
github.com/strongo/validation v0.0.7/go.mod h1:YUwoPEItLJd/Bc9X1OCUm03ofhvm3kwZvuihU7/jz58=
gopkg.in/check.v1 v0.0.0-20161208181325-20d25e280405 h1:yhCVgyC4o1eVCa2tZl7eS0r+SDo693bJlVdllGtEeKM=
gopkg.in/check.v1 v0.0.0-20161208181325-20d25e280405/go.mod h1:Co6ibVJAznAaIkqp8huTwlJQCZ016jof/cbN4VW5Yz0=
gopkg.in/yaml.v3 v3.0.1 h1:fxVm/GzAzEWqLHuvctI91KS9hhNmmWOoWu0XTYJS7CA=
gopkg.in/yaml.v3 v3.0.1/go.mod h1:K4uyk7z7BCEPqu6E+C64Yfv1cQ7kz7rIZviUmN+EgEM=
