github.com/RoaringBitmap/roaring v1.9.4 h1:yhEIoH4YezLYT04s1nHehNO64EKFTop/wBhxv2QzDdQ=
github.com/RoaringBitmap/roaring v1.9.4/go.mod h1:6AXUsoIEzDTFFQCe1RbGA6uFONMhvejWj5rqITANK90=
github.com/bits-and-blooms/bitset v1.12.0/go.mod h1:7hO7Gc7Pp1vODcmWvKMRA9BNmbv6a/7QIWpPxHddWR8=
github.com/bits-and-blooms/bitset v1.24.4 h1:95H15Og1clikBrKr/DuzMXkQzECs1M6hhoGXLwLQOZE=
github.com/bits-and-blooms/bitset v1.24.4/go.mod h1:7hO7Gc7Pp1vODcmWvKMRA9BNmbv6a/7QIWpPxHddWR8=
github.com/bots-go-framework/bots-fw-store v0.10.0 h1:e6bD274mjrHVp+X05/7uqqT3s5xZOqV9divKTaM2W+w=
github.com/bots-go-framework/bots-fw-store v0.10.0/go.mod h1:7oU4B8j5HuJZM8AftosbyQD+AqckXsDv8eU1auGPzn8=
github.com/bots-go-framework/bots-go-core v0.2.3 h1:wqdeyDJ+f+3W0RyFu7h46dkHoXoa74mOltmCM6W0tQc=
github.com/bots-go-framework/bots-go-core v0.2.3/go.mod h1:XCn9z4TI8sbgwyus+VDzw7iMY2QCPWEAvl23GMDjeEU=
github.com/dal-go/dalgo v0.40.1 h1:1cH3go6+z6uJGdWVr2dL3cbM8ABKuELlxu//Nrngl58=
github.com/dal-go/dalgo v0.40.1/go.mod h1:9BiVqlOZmpaDEHCU1uqB4CPYiu6WlaM84oUNiR0ptlo=
github.com/dal-go/dalgo v0.40.2 h1:J2wlA6SSF9FmmJ3PkJC6GWAp+kHj3mGyrvybNrgGQLo=
github.com/dal-go/dalgo v0.40.2/go.mod h1:+4W48ajQr3fm7hO7J362gRs72o8Y7E0TBfekJFvP/2Y=
github.com/davecgh/go-spew v1.1.0/go.mod h1:J7Y8YcW2NihsgmVo/mv3lAwl/skON4iLHjSsI+c5H38=
github.com/davecgh/go-spew v1.1.1 h1:vj9j/u1bqnvCEfJOwUhtlOARqs3+rkHYY13jYWTU97c=
github.com/davecgh/go-spew v1.1.1/go.mod h1:J7Y8YcW2NihsgmVo/mv3lAwl/skON4iLHjSsI+c5H38=
github.com/mschoch/smat v0.2.0 h1:8imxQsjDm8yFEAVBe7azKmKSgzSkZXDuKkSq9374khM=
github.com/mschoch/smat v0.2.0/go.mod h1:kc9mz7DoBKqDyiRL7VZN8KvXQMWeTaVnttLRXOlotKw=
github.com/pmezard/go-difflib v1.0.0 h1:4DBwDE0NGyQoBHbLQYPwSUPoCMWR5BEzIk/f1lZbAQM=
github.com/pmezard/go-difflib v1.0.0/go.mod h1:iKH77koFhYxTK1pcRnkKkqfTogsbg7gZNVY4sRDYZ/4=
github.com/stretchr/objx v0.1.0/go.mod h1:HFkY916IF+rwdDfMAkV7OtwuqBVzrE8GR6GFx+wExME=
github.com/stretchr/testify v1.7.0/go.mod h1:6Fq8oRcR53rry900zMqJjRRixrwX3KX962/h/Wwjteg=
github.com/stretchr/testify v1.11.1 h1:7s2iGBzp5EwR7/aIZr8ao5+dra3wiQyKjjFuvgVKu7U=
github.com/stretchr/testify v1.11.1/go.mod h1:wZwfW3scLgRK+23gO65QZefKpKQRnfz6sD981Nm4B6U=
github.com/strongo/analytics v0.2.2 h1:D2xxTemgCK+4Qk0iBVvXXKsZnm5iS350TPAaZnXFeT8=
github.com/strongo/analytics v0.2.2/go.mod h1:1OdiZI9/fPDN8ep1Pbz+F3UZPNbttUD7T1St15r760c=
github.com/strongo/i18n v0.8.6 h1:isjuFKg7DkglDViQs89WtI9cA670ii1ph/c/fpu5vnk=
github.com/strongo/i18n v0.8.6/go.mod h1:ovsWfJ7dPNqYvm5PjETCmsIkvrX645lBFVPYZQpSx9o=
github.com/strongo/logus v0.2.1 h1:ZzAtdSg6PPF1Y43WbNWl7MH1XYl7kvKMxyxv/lpbadI=
github.com/strongo/logus v0.2.1/go.mod h1:sd8gjJklqGQAg+Q0mlP5MWgzguAuxR25YYFSkfVOPdc=
github.com/strongo/logus v0.4.0 h1:EdwNafWX1eGWvPqMvu3gHVqXtBOUvV9KWbxm6tCU+dU=
github.com/strongo/logus v0.4.0/go.mod h1:sd8gjJklqGQAg+Q0mlP5MWgzguAuxR25YYFSkfVOPdc=
github.com/strongo/random v0.0.1 h1:OZHJBb/3uEa7OX8L2Dv2pLnSeewRmXMyTACoeto6O8I=
github.com/strongo/random v0.0.1/go.mod h1:/pSI+SjBNLBkjljNtVdYr6ERddA+LqSa87o0/s+9iuU=
github.com/strongo/slice v0.3.3 h1:ekhETQiWeH1kyfjZm1InzdZ/1c5SC2z7/i1pK4WrKj4=
github.com/strongo/slice v0.3.3/go.mod h1:Tymvuhp8oV6T4vswWR4F/JmGFxOcMWFTM5qp0WlV0sk=
github.com/strongo/validation v0.0.7 h1:gs6YkwPsYtVsepQaQOB+ZF+T0Gu5+nk4ZMND8F85e+U=
github.com/strongo/validation v0.0.7/go.mod h1:YUwoPEItLJd/Bc9X1OCUm03ofhvm3kwZvuihU7/jz58=
go.uber.org/mock v0.6.0 h1:hyF9dfmbgIX5EfOdasqLsWD6xqpNZlXblLB/Dbnwv3Y=
go.uber.org/mock v0.6.0/go.mod h1:KiVJ4BqZJaMj4svdfmHM0AUx4NJYO8ZNpPnZn1Z+BBU=
gopkg.in/check.v1 v0.0.0-20161208181325-20d25e280405 h1:yhCVgyC4o1eVCa2tZl7eS0r+SDo693bJlVdllGtEeKM=
gopkg.in/check.v1 v0.0.0-20161208181325-20d25e280405/go.mod h1:Co6ibVJAznAaIkqp8huTwlJQCZ016jof/cbN4VW5Yz0=
gopkg.in/yaml.v3 v3.0.0-20200313102051-9f266ea9e77c/go.mod h1:K4uyk7z7BCEPqu6E+C64Yfv1cQ7kz7rIZviUmN+EgEM=
gopkg.in/yaml.v3 v3.0.1 h1:fxVm/GzAzEWqLHuvctI91KS9hhNmmWOoWu0XTYJS7CA=
gopkg.in/yaml.v3 v3.0.1/go.mod h1:K4uyk7z7BCEPqu6E+C64Yfv1cQ7kz7rIZviUmN+EgEM=
